
Microsoft Visual Studio Solution File, Format Version 12.00
# Visual Studio Version 17
VisualStudioVersion = 17.13.35825.156
MinimumVisualStudioVersion = 10.0.40219.1
Project("{8BC9CEB8-8B4A-11D0-8D11-00A0C91BC942}") = "Beginning string functions", "Beginning string functions\Beginning string functions.vcxproj", "{3AE0E6C5-D5B5-4E54-8ABD-A1E9E6886DEF}"
EndProject
Project("{8BC9CEB8-8B4A-11D0-8D11-00A0C91BC942}") = "More string function play - Mar 13", "More string function play - Mar 13\More string function play - Mar 13.vcxproj", "{0C9864D1-A3D6-400A-8376-6D241B7C73EC}"
EndProject
Global
	GlobalSection(SolutionConfigurationPlatforms) = preSolution
		Debug|x64 = Debug|x64
		Debug|x86 = Debug|x86
		Release|x64 = Release|x64
		Release|x86 = Release|x86
	EndGlobalSection
	GlobalSection(ProjectConfigurationPlatforms) = postSolution
		{3AE0E6C5-D5B5-4E54-8ABD-A1E9E6886DEF}.Debug|x64.ActiveCfg = Debug|x64
		{3AE0E6C5-D5B5-4E54-8ABD-A1E9E6886DEF}.Debug|x64.Build.0 = Debug|x64
		{3AE0E6C5-D5B5-4E54-8ABD-A1E9E6886DEF}.Debug|x86.ActiveCfg = Debug|Win32
		{3AE0E6C5-D5B5-4E54-8ABD-A1E9E6886DEF}.Debug|x86.Build.0 = Debug|Win32
		{3AE0E6C5-D5B5-4E54-8ABD-A1E9E6886DEF}.Release|x64.ActiveCfg = Release|x64
		{3AE0E6C5-D5B5-4E54-8ABD-A1E9E6886DEF}.Release|x64.Build.0 = Release|x64
		{3AE0E6C5-D5B5-4E54-8ABD-A1E9E6886DEF}.Release|x86.ActiveCfg = Release|Win32
		{3AE0E6C5-D5B5-4E54-8ABD-A1E9E6886DEF}.Release|x86.Build.0 = Release|Win32
		{0C9864D1-A3D6-400A-8376-6D241B7C73EC}.Debug|x64.ActiveCfg = Debug|x64
		{0C9864D1-A3D6-400A-8376-6D241B7C73EC}.Debug|x64.Build.0 = Debug|x64
		{0C9864D1-A3D6-400A-8376-6D241B7C73EC}.Debug|x86.ActiveCfg = Debug|Win32
		{0C9864D1-A3D6-400A-8376-6D241B7C73EC}.Debug|x86.Build.0 = Debug|Win32
		{0C9864D1-A3D6-400A-8376-6D241B7C73EC}.Release|x64.ActiveCfg = Release|x64
		{0C9864D1-A3D6-400A-8376-6D241B7C73EC}.Release|x64.Build.0 = Release|x64
		{0C9864D1-A3D6-400A-8376-6D241B7C73EC}.Release|x86.ActiveCfg = Release|Win32
		{0C9864D1-A3D6-400A-8376-6D241B7C73EC}.Release|x86.Build.0 = Release|Win32
	EndGlobalSection
	GlobalSection(SolutionProperties) = preSolution
		HideSolutionNode = FALSE
	EndGlobalSection
	GlobalSection(ExtensibilityGlobals) = postSolution
		SolutionGuid = {75544191-DCD6-4DB3-82CF-1DE2566CFDDA}
	EndGlobalSection
EndGlobal
